{
  "name": "Realidad-virtual-con-A-Frame-",
  "lockfileVersion": 2,
  "requires": true,
  "packages": {
    "": {
      "dependencies": {
        "foo-component": "^0.3.4"
      }
    },
    "node_modules/foo-component": {
      "version": "0.3.4",
      "resolved": "https://registry.npmjs.org/foo-component/-/foo-component-0.3.4.tgz",
      "integrity": "sha512-XV2IAPVWAQGV9U4ZmaU3TlRgI1yWtAi4QzfCJXV+W8MHl1BVUBohlTFQ5LIM54IDjNseTvvfrVHRg2fA1oW0lw=="
    }
  },
  "dependencies": {
    "foo-component": {
      "version": "0.3.4",
      "resolved": "https://registry.npmjs.org/foo-component/-/foo-component-0.3.4.tgz",
      "integrity": "sha512-XV2IAPVWAQGV9U4ZmaU3TlRgI1yWtAi4QzfCJXV+W8MHl1BVUBohlTFQ5LIM54IDjNseTvvfrVHRg2fA1oW0lw=="
    }
  }
}
